
Microsoft Visual Studio Solution File, Format Version 12.00
# Visual Studio Version 17
VisualStudioVersion = 17.4.33205.214
MinimumVisualStudioVersion = 10.0.40219.1
Project("{FAE04EC0-301F-11D3-BF4B-00C04F79EFBC}") = "EventDrivenConsoleApp", "EventDrivenConsoleApp.csproj", "{F217E753-A923-47C3-BE83-4640051F4B52}"
EndProject
Global
	GlobalSection(SolutionConfigurationPlatforms) = preSolution
		Debug|Any CPU = Debug|Any CPU
		Release|Any CPU = Release|Any CPU
	EndGlobalSection
	GlobalSection(ProjectConfigurationPlatforms) = postSolution
		{F217E753-A923-47C3-BE83-4640051F4B52}.Debug|Any CPU.ActiveCfg = Debug|Any CPU
		{F217E753-A923-47C3-BE83-4640051F4B52}.Debug|Any CPU.Build.0 = Debug|Any CPU
		{F217E753-A923-47C3-BE83-4640051F4B52}.Release|Any CPU.ActiveCfg = Release|Any CPU
		{F217E753-A923-47C3-BE83-4640051F4B52}.Release|Any CPU.Build.0 = Release|Any CPU
	EndGlobalSection
	GlobalSection(SolutionProperties) = preSolution
		HideSolutionNode = FALSE
	EndGlobalSection
	GlobalSection(ExtensibilityGlobals) = postSolution
		SolutionGuid = {5950ADFC-AAC0-4401-B925-7FEE2156A380}
	EndGlobalSection
EndGlobal
